
Microsoft Visual Studio Solution File, Format Version 12.00
# Visual Studio Version 17
VisualStudioVersion = 17.11.35219.272
MinimumVisualStudioVersion = 10.0.40219.1
Project("{FAE04EC0-301F-11D3-BF4B-00C04F79EFBC}") = "DetectionZones", "DetectionZones\DetectionZones.csproj", "{9DC1E65E-CD19-4078-A333-8B2911405E11}"
EndProject
Global
	GlobalSection(SolutionConfigurationPlatforms) = preSolution
		Debug|Any CPU = Debug|Any CPU
		Release|Any CPU = Release|Any CPU
	EndGlobalSection
	GlobalSection(ProjectConfigurationPlatforms) = postSolution
		{9DC1E65E-CD19-4078-A333-8B2911405E11}.Debug|Any CPU.ActiveCfg = Debug|Any CPU
		{9DC1E65E-CD19-4078-A333-8B2911405E11}.Debug|Any CPU.Build.0 = Debug|Any CPU
		{9DC1E65E-CD19-4078-A333-8B2911405E11}.Release|Any CPU.ActiveCfg = Release|Any CPU
		{9DC1E65E-CD19-4078-A333-8B2911405E11}.Release|Any CPU.Build.0 = Release|Any CPU
	EndGlobalSection
	GlobalSection(SolutionProperties) = preSolution
		HideSolutionNode = FALSE
	EndGlobalSection
	GlobalSection(ExtensibilityGlobals) = postSolution
		SolutionGuid = {A3E25FE2-C355-4F9D-A610-8A1568D1FAF7}
	EndGlobalSection
EndGlobal
